
Microsoft Visual Studio Solution File, Format Version 12.00
# Visual Studio 15
VisualStudioVersion = 15.0.27703.2042
MinimumVisualStudioVersion = 10.0.40219.1
Project("{FAE04EC0-301F-11D3-BF4B-00C04F79EFBC}") = "MyCore.Demo", "MyCore.Demo\MyCore.Demo.csproj", "{F5A0306E-EC46-4CDE-BD93-98FA993A1BB0}"
EndProject
Global
	GlobalSection(SolutionConfigurationPlatforms) = preSolution
		Debug|Any CPU = Debug|Any CPU
		Release|Any CPU = Release|Any CPU
	EndGlobalSection
	GlobalSection(ProjectConfigurationPlatforms) = postSolution
		{F5A0306E-EC46-4CDE-BD93-98FA993A1BB0}.Debug|Any CPU.ActiveCfg = Debug|Any CPU
		{F5A0306E-EC46-4CDE-BD93-98FA993A1BB0}.Debug|Any CPU.Build.0 = Debug|Any CPU
		{F5A0306E-EC46-4CDE-BD93-98FA993A1BB0}.Release|Any CPU.ActiveCfg = Release|Any CPU
		{F5A0306E-EC46-4CDE-BD93-98FA993A1BB0}.Release|Any CPU.Build.0 = Release|Any CPU
	EndGlobalSection
	GlobalSection(SolutionProperties) = preSolution
		HideSolutionNode = FALSE
	EndGlobalSection
	GlobalSection(ExtensibilityGlobals) = postSolution
		SolutionGuid = {2A75CC01-B3FD-4873-BD94-E281BEA615A2}
	EndGlobalSection
EndGlobal
